
Microsoft Visual Studio Solution File, Format Version 12.00
# Visual Studio 15
VisualStudioVersion = 15.0.28307.852
MinimumVisualStudioVersion = 10.0.40219.1
Project("{159641D6-6404-4A2A-AE62-294DE0FE8301}") = "CashFlow", "CashFlowLoadToSCF.dtproj", "{E0F4BB2B-88A9-443C-8E8D-A07DDC212982}"
EndProject
Global
	GlobalSection(SolutionConfigurationPlatforms) = preSolution
		Development|Default = Development|Default
	EndGlobalSection
	GlobalSection(ProjectConfigurationPlatforms) = postSolution
		{E0F4BB2B-88A9-443C-8E8D-A07DDC212982}.Development|Default.ActiveCfg = Development
		{E0F4BB2B-88A9-443C-8E8D-A07DDC212982}.Development|Default.Build.0 = Development
	EndGlobalSection
	GlobalSection(SolutionProperties) = preSolution
		HideSolutionNode = FALSE
	EndGlobalSection
	GlobalSection(ExtensibilityGlobals) = postSolution
		SolutionGuid = {27A52BC8-350C-4454-9748-476336627300}
	EndGlobalSection
EndGlobal
